
Microsoft Visual Studio Solution File, Format Version 12.00
# Visual Studio Version 16
VisualStudioVersion = 16.0.33027.164
MinimumVisualStudioVersion = 10.0.40219.1
Project("{FAE04EC0-301F-11D3-BF4B-00C04F79EFBC}") = "GUIDots", "GUIDots.csproj", "{57637ED2-6F07-4CEB-A632-D625D751AEE4}"
EndProject
Global
	GlobalSection(SolutionConfigurationPlatforms) = preSolution
		Debug|Any CPU = Debug|Any CPU
		Release|Any CPU = Release|Any CPU
	EndGlobalSection
	GlobalSection(ProjectConfigurationPlatforms) = postSolution
		{57637ED2-6F07-4CEB-A632-D625D751AEE4}.Debug|Any CPU.ActiveCfg = Debug|Any CPU
		{57637ED2-6F07-4CEB-A632-D625D751AEE4}.Debug|Any CPU.Build.0 = Debug|Any CPU
		{57637ED2-6F07-4CEB-A632-D625D751AEE4}.Release|Any CPU.ActiveCfg = Release|Any CPU
		{57637ED2-6F07-4CEB-A632-D625D751AEE4}.Release|Any CPU.Build.0 = Release|Any CPU
	EndGlobalSection
	GlobalSection(SolutionProperties) = preSolution
		HideSolutionNode = FALSE
	EndGlobalSection
	GlobalSection(ExtensibilityGlobals) = postSolution
		SolutionGuid = {2CFD3590-DD91-458B-AA28-DBF308D2F744}
	EndGlobalSection
EndGlobal
